
Microsoft Visual Studio Solution File, Format Version 12.00
# Visual Studio Version 16
VisualStudioVersion = 16.0.30114.105
MinimumVisualStudioVersion = 10.0.40219.1
Project("{FAE04EC0-301F-11D3-BF4B-00C04F79EFBC}") = "CalculateDiscountService", "CalculateDiscountService\CalculateDiscountService.csproj", "{C6C68BBE-5D34-43A7-8A04-07E11E66A7B0}"
EndProject
Project("{FAE04EC0-301F-11D3-BF4B-00C04F79EFBC}") = "CalculateDiscountClient", "CalculateDiscountClient\CalculateDiscountClient.csproj", "{2D85BD58-183F-491B-974E-FAB896DE0494}"
EndProject
Global
	GlobalSection(SolutionConfigurationPlatforms) = preSolution
		Debug|Any CPU = Debug|Any CPU
		Release|Any CPU = Release|Any CPU
	EndGlobalSection
	GlobalSection(SolutionProperties) = preSolution
		HideSolutionNode = FALSE
	EndGlobalSection
	GlobalSection(ProjectConfigurationPlatforms) = postSolution
		{C6C68BBE-5D34-43A7-8A04-07E11E66A7B0}.Debug|Any CPU.ActiveCfg = Debug|Any CPU
		{C6C68BBE-5D34-43A7-8A04-07E11E66A7B0}.Debug|Any CPU.Build.0 = Debug|Any CPU
		{C6C68BBE-5D34-43A7-8A04-07E11E66A7B0}.Release|Any CPU.ActiveCfg = Release|Any CPU
		{C6C68BBE-5D34-43A7-8A04-07E11E66A7B0}.Release|Any CPU.Build.0 = Release|Any CPU
		{2D85BD58-183F-491B-974E-FAB896DE0494}.Debug|Any CPU.ActiveCfg = Debug|Any CPU
		{2D85BD58-183F-491B-974E-FAB896DE0494}.Debug|Any CPU.Build.0 = Debug|Any CPU
		{2D85BD58-183F-491B-974E-FAB896DE0494}.Release|Any CPU.ActiveCfg = Release|Any CPU
		{2D85BD58-183F-491B-974E-FAB896DE0494}.Release|Any CPU.Build.0 = Release|Any CPU
	EndGlobalSection
EndGlobal
